
Microsoft Visual Studio Solution File, Format Version 12.00
# Visual Studio Version 16
VisualStudioVersion = 16.0.31129.286
MinimumVisualStudioVersion = 10.0.40219.1
Project("{FAE04EC0-301F-11D3-BF4B-00C04F79EFBC}") = "GUI_project", "GUI_project\GUI_project.csproj", "{F38C930E-C9E7-482D-B988-7A8D9914171A}"
EndProject
Global
	GlobalSection(SolutionConfigurationPlatforms) = preSolution
		Debug|Any CPU = Debug|Any CPU
		Release|Any CPU = Release|Any CPU
	EndGlobalSection
	GlobalSection(ProjectConfigurationPlatforms) = postSolution
		{F38C930E-C9E7-482D-B988-7A8D9914171A}.Debug|Any CPU.ActiveCfg = Debug|Any CPU
		{F38C930E-C9E7-482D-B988-7A8D9914171A}.Debug|Any CPU.Build.0 = Debug|Any CPU
		{F38C930E-C9E7-482D-B988-7A8D9914171A}.Release|Any CPU.ActiveCfg = Release|Any CPU
		{F38C930E-C9E7-482D-B988-7A8D9914171A}.Release|Any CPU.Build.0 = Release|Any CPU
	EndGlobalSection
	GlobalSection(SolutionProperties) = preSolution
		HideSolutionNode = FALSE
	EndGlobalSection
	GlobalSection(ExtensibilityGlobals) = postSolution
		SolutionGuid = {38CC5222-0006-421A-9318-4B5B3ECC206C}
	EndGlobalSection
EndGlobal
